
Microsoft Visual Studio Solution File, Format Version 12.00
# Visual Studio 15
VisualStudioVersion = 15.0.27703.2018
MinimumVisualStudioVersion = 10.0.40219.1
Project("{9A19103F-16F7-4668-BE54-9A1E7A4F7556}") = "TestGit", "TestGit\TestGit.csproj", "{BA636CDE-6D0C-4CE2-810C-7C1A8CBBE223}"
EndProject
Project("{2150E333-8FDC-42A3-9474-1A3956D46DE8}") = "LINQ", "LINQ", "{7C852E29-E894-4374-874A-61CF7AEFBE1E}"
EndProject
Project("{9A19103F-16F7-4668-BE54-9A1E7A4F7556}") = "WorkWithLinq", "WorkWithLinq\WorkWithLinq.csproj", "{969475C8-13A2-4DFA-A062-784D70CBD608}"
EndProject
Project("{2150E333-8FDC-42A3-9474-1A3956D46DE8}") = "WorkWithFIles", "WorkWithFIles", "{0B4CBCC2-BA65-43AC-8896-1BF8AB242DAC}"
EndProject
Project("{9A19103F-16F7-4668-BE54-9A1E7A4F7556}") = "Files", "Files\Files.csproj", "{4BE38E64-FC21-459C-9C34-F8248B037892}"
EndProject
Project("{2150E333-8FDC-42A3-9474-1A3956D46DE8}") = "RegularExpresions", "RegularExpresions", "{6E663ECF-6BFF-4CA2-A612-8E5C63935983}"
EndProject
Project("{9A19103F-16F7-4668-BE54-9A1E7A4F7556}") = "RegExpresions", "RegExpresions\RegExpresions.csproj", "{A3B0940F-D96C-4071-9D4D-DE45A3283E85}"
EndProject
Project("{2150E333-8FDC-42A3-9474-1A3956D46DE8}") = "ClassTasks", "ClassTasks", "{7BB2CD2E-ED1C-44CF-A36C-5C4F2539BB5E}"
EndProject
Project("{9A19103F-16F7-4668-BE54-9A1E7A4F7556}") = "IsPolindrom", "IsPolindrom\IsPolindrom.csproj", "{E5FBC733-8F24-49F3-BDF6-4A0C20908FB7}"
EndProject
Project("{2150E333-8FDC-42A3-9474-1A3956D46DE8}") = "Collections", "Collections", "{3D125E0B-4D31-467D-96BE-7D5A9B76E123}"
EndProject
Project("{9A19103F-16F7-4668-BE54-9A1E7A4F7556}") = "WorkWithCollections", "WorkWithCollections\WorkWithCollections.csproj", "{D3739332-170A-4CDD-B62F-413CC81825D1}"
EndProject
Project("{9A19103F-16F7-4668-BE54-9A1E7A4F7556}") = "EvenIterators", "EvenIterators\EvenIterators.csproj", "{77734579-8566-43CE-8303-5AACC61DF668}"
EndProject
Project("{9A19103F-16F7-4668-BE54-9A1E7A4F7556}") = "WorkWIthLists", "WorkWIthLists\WorkWIthLists.csproj", "{FB8FE2EF-94B2-4D33-A732-F548A16B34E7}"
EndProject
Project("{9A19103F-16F7-4668-BE54-9A1E7A4F7556}") = "ClassWorks1", "ClassWorks\ClassWorks1.csproj", "{D1A3458F-82D9-4E2F-959C-2B7953FC79B9}"
EndProject
Project("{9A19103F-16F7-4668-BE54-9A1E7A4F7556}") = "ClassWork2", "ClassWrok2\ClassWork2.csproj", "{096FA354-0415-42EB-A009-86B084003161}"
EndProject
Project("{9A19103F-16F7-4668-BE54-9A1E7A4F7556}") = "ClassWork3", "ClassWork3\ClassWork3.csproj", "{165EADA5-859D-401D-954F-CF1FD67D1AFD}"
EndProject
Project("{9A19103F-16F7-4668-BE54-9A1E7A4F7556}") = "Reflection", "Reflection\Reflection.csproj", "{36CF6054-32E2-4C45-83AE-144ABE143F70}"
EndProject
Project("{FAE04EC0-301F-11D3-BF4B-00C04F79EFBC}") = "Solid", "Solid\Solid.csproj", "{F00DEF9B-61EE-4769-89CA-EE2CE7FDA77F}"
EndProject
Project("{FAE04EC0-301F-11D3-BF4B-00C04F79EFBC}") = "IoC", "IoC\IoC.csproj", "{F9D3BDC5-C8FB-44B6-B1C1-2B89CFD23AF9}"
EndProject
Global
	GlobalSection(SolutionConfigurationPlatforms) = preSolution
		Debug|Any CPU = Debug|Any CPU
		Release|Any CPU = Release|Any CPU
	EndGlobalSection
	GlobalSection(ProjectConfigurationPlatforms) = postSolution
		{BA636CDE-6D0C-4CE2-810C-7C1A8CBBE223}.Debug|Any CPU.ActiveCfg = Debug|Any CPU
		{BA636CDE-6D0C-4CE2-810C-7C1A8CBBE223}.Debug|Any CPU.Build.0 = Debug|Any CPU
		{BA636CDE-6D0C-4CE2-810C-7C1A8CBBE223}.Release|Any CPU.ActiveCfg = Release|Any CPU
		{BA636CDE-6D0C-4CE2-810C-7C1A8CBBE223}.Release|Any CPU.Build.0 = Release|Any CPU
		{969475C8-13A2-4DFA-A062-784D70CBD608}.Debug|Any CPU.ActiveCfg = Debug|Any CPU
		{969475C8-13A2-4DFA-A062-784D70CBD608}.Debug|Any CPU.Build.0 = Debug|Any CPU
		{969475C8-13A2-4DFA-A062-784D70CBD608}.Release|Any CPU.ActiveCfg = Release|Any CPU
		{969475C8-13A2-4DFA-A062-784D70CBD608}.Release|Any CPU.Build.0 = Release|Any CPU
		{4BE38E64-FC21-459C-9C34-F8248B037892}.Debug|Any CPU.ActiveCfg = Debug|Any CPU
		{4BE38E64-FC21-459C-9C34-F8248B037892}.Debug|Any CPU.Build.0 = Debug|Any CPU
		{4BE38E64-FC21-459C-9C34-F8248B037892}.Release|Any CPU.ActiveCfg = Release|Any CPU
		{4BE38E64-FC21-459C-9C34-F8248B037892}.Release|Any CPU.Build.0 = Release|Any CPU
		{A3B0940F-D96C-4071-9D4D-DE45A3283E85}.Debug|Any CPU.ActiveCfg = Debug|Any CPU
		{A3B0940F-D96C-4071-9D4D-DE45A3283E85}.Debug|Any CPU.Build.0 = Debug|Any CPU
		{A3B0940F-D96C-4071-9D4D-DE45A3283E85}.Release|Any CPU.ActiveCfg = Release|Any CPU
		{A3B0940F-D96C-4071-9D4D-DE45A3283E85}.Release|Any CPU.Build.0 = Release|Any CPU
		{E5FBC733-8F24-49F3-BDF6-4A0C20908FB7}.Debug|Any CPU.ActiveCfg = Debug|Any CPU
		{E5FBC733-8F24-49F3-BDF6-4A0C20908FB7}.Debug|Any CPU.Build.0 = Debug|Any CPU
		{E5FBC733-8F24-49F3-BDF6-4A0C20908FB7}.Release|Any CPU.ActiveCfg = Release|Any CPU
		{E5FBC733-8F24-49F3-BDF6-4A0C20908FB7}.Release|Any CPU.Build.0 = Release|Any CPU
		{D3739332-170A-4CDD-B62F-413CC81825D1}.Debug|Any CPU.ActiveCfg = Debug|Any CPU
		{D3739332-170A-4CDD-B62F-413CC81825D1}.Debug|Any CPU.Build.0 = Debug|Any CPU
		{D3739332-170A-4CDD-B62F-413CC81825D1}.Release|Any CPU.ActiveCfg = Release|Any CPU
		{D3739332-170A-4CDD-B62F-413CC81825D1}.Release|Any CPU.Build.0 = Release|Any CPU
		{77734579-8566-43CE-8303-5AACC61DF668}.Debug|Any CPU.ActiveCfg = Debug|Any CPU
		{77734579-8566-43CE-8303-5AACC61DF668}.Debug|Any CPU.Build.0 = Debug|Any CPU
		{77734579-8566-43CE-8303-5AACC61DF668}.Release|Any CPU.ActiveCfg = Release|Any CPU
		{77734579-8566-43CE-8303-5AACC61DF668}.Release|Any CPU.Build.0 = Release|Any CPU
		{FB8FE2EF-94B2-4D33-A732-F548A16B34E7}.Debug|Any CPU.ActiveCfg = Debug|Any CPU
		{FB8FE2EF-94B2-4D33-A732-F548A16B34E7}.Debug|Any CPU.Build.0 = Debug|Any CPU
		{FB8FE2EF-94B2-4D33-A732-F548A16B34E7}.Release|Any CPU.ActiveCfg = Release|Any CPU
		{FB8FE2EF-94B2-4D33-A732-F548A16B34E7}.Release|Any CPU.Build.0 = Release|Any CPU
		{D1A3458F-82D9-4E2F-959C-2B7953FC79B9}.Debug|Any CPU.ActiveCfg = Debug|Any CPU
		{D1A3458F-82D9-4E2F-959C-2B7953FC79B9}.Debug|Any CPU.Build.0 = Debug|Any CPU
		{D1A3458F-82D9-4E2F-959C-2B7953FC79B9}.Release|Any CPU.ActiveCfg = Release|Any CPU
		{D1A3458F-82D9-4E2F-959C-2B7953FC79B9}.Release|Any CPU.Build.0 = Release|Any CPU
		{096FA354-0415-42EB-A009-86B084003161}.Debug|Any CPU.ActiveCfg = Debug|Any CPU
		{096FA354-0415-42EB-A009-86B084003161}.Debug|Any CPU.Build.0 = Debug|Any CPU
		{096FA354-0415-42EB-A009-86B084003161}.Release|Any CPU.ActiveCfg = Release|Any CPU
		{096FA354-0415-42EB-A009-86B084003161}.Release|Any CPU.Build.0 = Release|Any CPU
		{165EADA5-859D-401D-954F-CF1FD67D1AFD}.Debug|Any CPU.ActiveCfg = Debug|Any CPU
		{165EADA5-859D-401D-954F-CF1FD67D1AFD}.Debug|Any CPU.Build.0 = Debug|Any CPU
		{165EADA5-859D-401D-954F-CF1FD67D1AFD}.Release|Any CPU.ActiveCfg = Release|Any CPU
		{165EADA5-859D-401D-954F-CF1FD67D1AFD}.Release|Any CPU.Build.0 = Release|Any CPU
		{36CF6054-32E2-4C45-83AE-144ABE143F70}.Debug|Any CPU.ActiveCfg = Debug|Any CPU
		{36CF6054-32E2-4C45-83AE-144ABE143F70}.Debug|Any CPU.Build.0 = Debug|Any CPU
		{36CF6054-32E2-4C45-83AE-144ABE143F70}.Release|Any CPU.ActiveCfg = Release|Any CPU
		{36CF6054-32E2-4C45-83AE-144ABE143F70}.Release|Any CPU.Build.0 = Release|Any CPU
		{F00DEF9B-61EE-4769-89CA-EE2CE7FDA77F}.Debug|Any CPU.ActiveCfg = Debug|Any CPU
		{F00DEF9B-61EE-4769-89CA-EE2CE7FDA77F}.Debug|Any CPU.Build.0 = Debug|Any CPU
		{F00DEF9B-61EE-4769-89CA-EE2CE7FDA77F}.Release|Any CPU.ActiveCfg = Release|Any CPU
		{F00DEF9B-61EE-4769-89CA-EE2CE7FDA77F}.Release|Any CPU.Build.0 = Release|Any CPU
		{F9D3BDC5-C8FB-44B6-B1C1-2B89CFD23AF9}.Debug|Any CPU.ActiveCfg = Debug|Any CPU
		{F9D3BDC5-C8FB-44B6-B1C1-2B89CFD23AF9}.Debug|Any CPU.Build.0 = Debug|Any CPU
		{F9D3BDC5-C8FB-44B6-B1C1-2B89CFD23AF9}.Release|Any CPU.ActiveCfg = Release|Any CPU
		{F9D3BDC5-C8FB-44B6-B1C1-2B89CFD23AF9}.Release|Any CPU.Build.0 = Release|Any CPU
	EndGlobalSection
	GlobalSection(SolutionProperties) = preSolution
		HideSolutionNode = FALSE
	EndGlobalSection
	GlobalSection(NestedProjects) = preSolution
		{969475C8-13A2-4DFA-A062-784D70CBD608} = {7C852E29-E894-4374-874A-61CF7AEFBE1E}
		{4BE38E64-FC21-459C-9C34-F8248B037892} = {0B4CBCC2-BA65-43AC-8896-1BF8AB242DAC}
		{A3B0940F-D96C-4071-9D4D-DE45A3283E85} = {6E663ECF-6BFF-4CA2-A612-8E5C63935983}
		{E5FBC733-8F24-49F3-BDF6-4A0C20908FB7} = {7BB2CD2E-ED1C-44CF-A36C-5C4F2539BB5E}
		{D3739332-170A-4CDD-B62F-413CC81825D1} = {3D125E0B-4D31-467D-96BE-7D5A9B76E123}
		{77734579-8566-43CE-8303-5AACC61DF668} = {7BB2CD2E-ED1C-44CF-A36C-5C4F2539BB5E}
		{FB8FE2EF-94B2-4D33-A732-F548A16B34E7} = {3D125E0B-4D31-467D-96BE-7D5A9B76E123}
		{D1A3458F-82D9-4E2F-959C-2B7953FC79B9} = {7C852E29-E894-4374-874A-61CF7AEFBE1E}
		{096FA354-0415-42EB-A009-86B084003161} = {7C852E29-E894-4374-874A-61CF7AEFBE1E}
		{165EADA5-859D-401D-954F-CF1FD67D1AFD} = {7C852E29-E894-4374-874A-61CF7AEFBE1E}
	EndGlobalSection
	GlobalSection(ExtensibilityGlobals) = postSolution
		SolutionGuid = {8B284ABA-925F-4C71-85EC-64F91E4F8ADC}
	EndGlobalSection
EndGlobal
